<?xml version="1.0" encoding="utf-8"?>
<Project ToolsVersion="15.0" xmlns="http://schemas.microsoft.com/developer/msbuild/2003">
  <ItemGroup>
    <Filter Include="p.KizukoLib.input">
      <UniqueIdentifier>{a236e2a3-d3a4-4711-99b9-6fcbf5ed1cee}</UniqueIdentifier>
    </Filter>
    <Filter Include="p.KizukoLib">
      <UniqueIdentifier>{B099B27C-C1E0-4E8C-B290-CFE1FB459D78}</UniqueIdentifier>
    </Filter>
    <Filter Include="p.KizukoLib.clusters">
      <UniqueIdentifier>{e3b1521c-e097-4a98-9bda-a41ee3cb6820}</UniqueIdentifier>
    </Filter>
    <Filter Include="p.KizukoLib.gui">
      <UniqueIdentifier>{a14c3c9a-5e9a-44b2-840c-d9c6e6582dc4}</UniqueIdentifier>
    </Filter>
    <Filter Include="p.KizukoLib.objects">
      <UniqueIdentifier>{a25e4c54-6ad8-4c1d-b68d-c0e884507c7d}</UniqueIdentifier>
    </Filter>
  </ItemGroup>
  <ItemGroup>
    <ClCompile Include="..\paercebal\KizukoLib\dllmain.cpp">
      <Filter>p.KizukoLib</Filter>
    </ClCompile>
    <ClCompile Include="..\paercebal\KizukoLib\utilities.cpp">
      <Filter>p.KizukoLib</Filter>
    </ClCompile>
    <ClCompile Include="..\paercebal\KizukoLib\GlobalResources.cpp">
      <Filter>p.KizukoLib</Filter>
    </ClCompile>
    <ClCompile Include="..\paercebal\KizukoLib\ProgramOptions.cpp">
      <Filter>p.KizukoLib</Filter>
    </ClCompile>
    <ClCompile Include="..\paercebal\KizukoLib\clusters\Star.cpp">
      <Filter>p.KizukoLib.clusters</Filter>
    </ClCompile>
    <ClCompile Include="..\paercebal\KizukoLib\clusters\Cluster.cpp">
      <Filter>p.KizukoLib.clusters</Filter>
    </ClCompile>
    <ClCompile Include="..\paercebal\KizukoLib\clusters\ClusterLine.cpp">
      <Filter>p.KizukoLib.clusters</Filter>
    </ClCompile>
    <ClCompile Include="..\paercebal\KizukoLib\clusters\DistanceShape.cpp">
      <Filter>p.KizukoLib.clusters</Filter>
    </ClCompile>
    <ClCompile Include="..\paercebal\KizukoLib\clusters\AltitudeLine.cpp">
      <Filter>p.KizukoLib.clusters</Filter>
    </ClCompile>
    <ClCompile Include="..\paercebal\KizukoLib\input\Data.cpp">
      <Filter>p.KizukoLib.input</Filter>
    </ClCompile>
    <ClCompile Include="..\paercebal\KizukoLib\gui\View.cpp">
      <Filter>p.KizukoLib.gui</Filter>
    </ClCompile>
    <ClCompile Include="..\paercebal\KizukoLib\objects\Object.cpp">
      <Filter>p.KizukoLib.objects</Filter>
    </ClCompile>
    <ClCompile Include="..\paercebal\KizukoLib\gui\Button.cpp">
      <Filter>p.KizukoLib.gui</Filter>
    </ClCompile>
  </ItemGroup>
  <ItemGroup>
    <ClInclude Include="..\paercebal\KizukoLib\dllmain.hpp">
      <Filter>p.KizukoLib</Filter>
    </ClInclude>
    <ClInclude Include="..\paercebal\KizukoLib\utilities.hpp">
      <Filter>p.KizukoLib</Filter>
    </ClInclude>
    <ClInclude Include="..\paercebal\KizukoLib\Exception.hpp">
      <Filter>p.KizukoLib</Filter>
    </ClInclude>
    <ClInclude Include="..\paercebal\KizukoLib\GlobalResources.hpp">
      <Filter>p.KizukoLib</Filter>
    </ClInclude>
    <ClInclude Include="..\paercebal\KizukoLib\ProgramOptions.hpp">
      <Filter>p.KizukoLib</Filter>
    </ClInclude>
    <ClInclude Include="..\paercebal\KizukoLib\input\Data.hpp">
      <Filter>p.KizukoLib.input</Filter>
    </ClInclude>
    <ClInclude Include="..\paercebal\KizukoLib\clusters\Star.hpp">
      <Filter>p.KizukoLib.clusters</Filter>
    </ClInclude>
    <ClInclude Include="..\paercebal\KizukoLib\clusters\Cluster.hpp">
      <Filter>p.KizukoLib.clusters</Filter>
    </ClInclude>
    <ClInclude Include="..\paercebal\KizukoLib\clusters\ClusterLine.hpp">
      <Filter>p.KizukoLib.clusters</Filter>
    </ClInclude>
    <ClInclude Include="..\paercebal\KizukoLib\clusters\DistanceShape.hpp">
      <Filter>p.KizukoLib.clusters</Filter>
    </ClInclude>
    <ClInclude Include="..\paercebal\KizukoLib\clusters\AltitudeLine.hpp">
      <Filter>p.KizukoLib.clusters</Filter>
    </ClInclude>
    <ClInclude Include="..\paercebal\KizukoLib\gui\View.hpp">
      <Filter>p.KizukoLib.gui</Filter>
    </ClInclude>
    <ClInclude Include="..\paercebal\KizukoLib\objects\Object.hpp">
      <Filter>p.KizukoLib.objects</Filter>
    </ClInclude>
    <ClInclude Include="..\paercebal\KizukoLib\gui\Button.hpp">
      <Filter>p.KizukoLib.gui</Filter>
    </ClInclude>
  </ItemGroup>
</Project>