<?xml version="1.0" encoding="utf-8"?>
<Project ToolsVersion="15.0" xmlns="http://schemas.microsoft.com/developer/msbuild/2003">
  <ItemGroup>
    <Filter Include="p.Graphics">
      <UniqueIdentifier>{D6620A9D-5C56-4742-BDF3-3AE8A009D177}</UniqueIdentifier>
    </Filter>
    <Filter Include="p.Graphics.maths">
      <UniqueIdentifier>{6ede77fb-2280-4ebb-9105-3186521493cf}</UniqueIdentifier>
    </Filter>
    <Filter Include="p.Graphics.objects">
      <UniqueIdentifier>{f04defdd-25ae-4288-be80-1bf5270cfd4a}</UniqueIdentifier>
    </Filter>
  </ItemGroup>
  <ItemGroup>
    <ClCompile Include="..\paercebal\Graphics\dllmain.cpp">
      <Filter>p.Graphics</Filter>
    </ClCompile>
    <ClCompile Include="..\paercebal\Graphics\maths\Matrix3D.cpp">
      <Filter>p.Graphics.maths</Filter>
    </ClCompile>
    <ClCompile Include="..\paercebal\Graphics\maths\utilities.cpp">
      <Filter>p.Graphics.maths</Filter>
    </ClCompile>
    <ClCompile Include="..\paercebal\Graphics\objects\DefaultObject.cpp">
      <Filter>p.Graphics.objects</Filter>
    </ClCompile>
    <ClCompile Include="..\paercebal\Graphics\objects\Object.cpp">
      <Filter>p.Graphics.objects</Filter>
    </ClCompile>
    <ClCompile Include="..\paercebal\Graphics\objects\World.cpp">
      <Filter>p.Graphics.objects</Filter>
    </ClCompile>
  </ItemGroup>
  <ItemGroup>
    <ClInclude Include="..\paercebal\Graphics\dllmain.hpp">
      <Filter>p.Graphics</Filter>
    </ClInclude>
    <ClInclude Include="..\paercebal\Graphics\maths\Matrix3D.hpp">
      <Filter>p.Graphics.maths</Filter>
    </ClInclude>
    <ClInclude Include="..\paercebal\Graphics\maths\utilities.hpp">
      <Filter>p.Graphics.maths</Filter>
    </ClInclude>
    <ClInclude Include="..\paercebal\Graphics\objects\DefaultObject.hpp">
      <Filter>p.Graphics.objects</Filter>
    </ClInclude>
    <ClInclude Include="..\paercebal\Graphics\objects\Object.hpp">
      <Filter>p.Graphics.objects</Filter>
    </ClInclude>
    <ClInclude Include="..\paercebal\Graphics\objects\World.hpp">
      <Filter>p.Graphics.objects</Filter>
    </ClInclude>
  </ItemGroup>
</Project>